
Microsoft Visual Studio Solution File, Format Version 11.00
# Visual Studio 2010
Project("{FAE04EC0-301F-11D3-BF4B-00C04F79EFBC}") = "Assembly-CSharp", "Assembly-CSharp.csproj", "{55A4F0D6-335E-B224-C6E2-E8AA3F72E3EC}"
EndProject
Project("{FAE04EC0-301F-11D3-BF4B-00C04F79EFBC}") = "Assembly-CSharp-Editor", "Assembly-CSharp-Editor.csproj", "{DEF00E48-B160-D256-8A46-AED0D4BB1232}"
EndProject
Global
	GlobalSection(SolutionConfigurationPlatforms) = preSolution
		Debug|Any CPU = Debug|Any CPU
		Release|Any CPU = Release|Any CPU
	EndGlobalSection
	GlobalSection(ProjectConfigurationPlatforms) = postSolution
		{55A4F0D6-335E-B224-C6E2-E8AA3F72E3EC}.Debug|Any CPU.ActiveCfg = Debug|Any CPU
		{55A4F0D6-335E-B224-C6E2-E8AA3F72E3EC}.Debug|Any CPU.Build.0 = Debug|Any CPU
		{55A4F0D6-335E-B224-C6E2-E8AA3F72E3EC}.Release|Any CPU.ActiveCfg = Release|Any CPU
		{55A4F0D6-335E-B224-C6E2-E8AA3F72E3EC}.Release|Any CPU.Build.0 = Release|Any CPU
		{DEF00E48-B160-D256-8A46-AED0D4BB1232}.Debug|Any CPU.ActiveCfg = Debug|Any CPU
		{DEF00E48-B160-D256-8A46-AED0D4BB1232}.Debug|Any CPU.Build.0 = Debug|Any CPU
		{DEF00E48-B160-D256-8A46-AED0D4BB1232}.Release|Any CPU.ActiveCfg = Release|Any CPU
		{DEF00E48-B160-D256-8A46-AED0D4BB1232}.Release|Any CPU.Build.0 = Release|Any CPU
	EndGlobalSection
	GlobalSection(SolutionProperties) = preSolution
		HideSolutionNode = FALSE
	EndGlobalSection
EndGlobal
